<Solution>
  <Project Path="SonkwoNoMo.Server.Gateway/SonkwoNoMo.Server.Gateway.csproj" />
  <Project Path="SonkwoNoMo.Server.Access/SonkwoNoMo.Server.Access.csproj" />
  <Folder Name="/Solution Items/">
    <File Path="README.md" />
  </Folder>
  <Project Path="docker-compose.dcproj">
    <Build />
  </Project>
  <Project Path="SonkwoNoMo.Client/SonkwoNoMo.Client.csproj" />
  <Project Path="SonkwoSniffer/SonkwoSniffer.csproj" Id="b55d014f-45ad-4895-ba0b-4bd19ebee17a" />
</Solution>
